PODS:
  - SDWebImage (3.7.6):
    - SDWebImage/Core (= 3.7.6)
  - SDWebImage/Core (3.7.6)
  - YYModel (1.0.4)

DEPENDENCIES:
  - SDWebImage (~> 3.7.2)
  - YYModel

SPEC CHECKSUMS:
  SDWebImage: c325cf02c30337336b95beff20a13df489ec0ec9
  YYModel: 2a7fdd96aaa4b86a824e26d0c517de8928c04b30

PODFILE CHECKSUM: 840bb59a38b648f19dff247316d2caaeacc0ccfb

COCOAPODS: 1.2.0
